
Microsoft Visual Studio Solution File, Format Version 12.00
# Visual Studio Version 16
VisualStudioVersion = 16.0.31702.278
MinimumVisualStudioVersion = 10.0.40219.1
Project("{FAE04EC0-301F-11D3-BF4B-00C04F79EFBC}") = "NewTry", "NewTry.csproj", "{9F6D55D8-2178-429C-A474-B5D846112E66}"
EndProject
Global
	GlobalSection(SolutionConfigurationPlatforms) = preSolution
		Debug|Any CPU = Debug|Any CPU
		Release|Any CPU = Release|Any CPU
	EndGlobalSection
	GlobalSection(ProjectConfigurationPlatforms) = postSolution
		{9F6D55D8-2178-429C-A474-B5D846112E66}.Debug|Any CPU.ActiveCfg = Debug|Any CPU
		{9F6D55D8-2178-429C-A474-B5D846112E66}.Debug|Any CPU.Build.0 = Debug|Any CPU
		{9F6D55D8-2178-429C-A474-B5D846112E66}.Release|Any CPU.ActiveCfg = Release|Any CPU
		{9F6D55D8-2178-429C-A474-B5D846112E66}.Release|Any CPU.Build.0 = Release|Any CPU
	EndGlobalSection
	GlobalSection(SolutionProperties) = preSolution
		HideSolutionNode = FALSE
	EndGlobalSection
	GlobalSection(ExtensibilityGlobals) = postSolution
		SolutionGuid = {8826784A-403D-4392-ADAE-6CC5D9335CC2}
	EndGlobalSection
EndGlobal
